
Microsoft Visual Studio Solution File, Format Version 12.00
# Visual Studio 15
VisualStudioVersion = 15.0.28307.271
MinimumVisualStudioVersion = 10.0.40219.1
Project("{FAE04EC0-301F-11D3-BF4B-00C04F79EFBC}") = "Inclass_Methods", "Inclass_Methods\Inclass_Methods.csproj", "{EFBE33D4-C1AC-4CAA-91AD-8896815E8B0D}"
EndProject
Global
	GlobalSection(SolutionConfigurationPlatforms) = preSolution
		Debug|Any CPU = Debug|Any CPU
		Release|Any CPU = Release|Any CPU
	EndGlobalSection
	GlobalSection(ProjectConfigurationPlatforms) = postSolution
		{EFBE33D4-C1AC-4CAA-91AD-8896815E8B0D}.Debug|Any CPU.ActiveCfg = Debug|Any CPU
		{EFBE33D4-C1AC-4CAA-91AD-8896815E8B0D}.Debug|Any CPU.Build.0 = Debug|Any CPU
		{EFBE33D4-C1AC-4CAA-91AD-8896815E8B0D}.Release|Any CPU.ActiveCfg = Release|Any CPU
		{EFBE33D4-C1AC-4CAA-91AD-8896815E8B0D}.Release|Any CPU.Build.0 = Release|Any CPU
	EndGlobalSection
	GlobalSection(SolutionProperties) = preSolution
		HideSolutionNode = FALSE
	EndGlobalSection
	GlobalSection(ExtensibilityGlobals) = postSolution
		SolutionGuid = {9FE3117B-DB55-4EA5-81EE-3606479E42D4}
	EndGlobalSection
EndGlobal
